
Microsoft Visual Studio Solution File, Format Version 12.00
# Visual Studio Version 16
VisualStudioVersion = 16.0.30413.136
MinimumVisualStudioVersion = 10.0.40219.1
Project("{FAE04EC0-301F-11D3-BF4B-00C04F79EFBC}") = "systemProg_hw4", "systemProg_hw4.csproj", "{41436528-1B4A-4842-B86E-D9FD4AE13AB8}"
EndProject
Global
	GlobalSection(SolutionConfigurationPlatforms) = preSolution
		Debug|Any CPU = Debug|Any CPU
		Release|Any CPU = Release|Any CPU
	EndGlobalSection
	GlobalSection(ProjectConfigurationPlatforms) = postSolution
		{41436528-1B4A-4842-B86E-D9FD4AE13AB8}.Debug|Any CPU.ActiveCfg = Debug|Any CPU
		{41436528-1B4A-4842-B86E-D9FD4AE13AB8}.Debug|Any CPU.Build.0 = Debug|Any CPU
		{41436528-1B4A-4842-B86E-D9FD4AE13AB8}.Release|Any CPU.ActiveCfg = Release|Any CPU
		{41436528-1B4A-4842-B86E-D9FD4AE13AB8}.Release|Any CPU.Build.0 = Release|Any CPU
	EndGlobalSection
	GlobalSection(SolutionProperties) = preSolution
		HideSolutionNode = FALSE
	EndGlobalSection
	GlobalSection(ExtensibilityGlobals) = postSolution
		SolutionGuid = {91A230A8-2F50-49C9-8F17-4CC5A9E6CE31}
	EndGlobalSection
EndGlobal
